# Generated by pub
# See https://dart.dev/tools/pub/glossary#lockfile
packages:
  _fe_analyzer_shared:
    dependency: transitive
    description:
      name: _fe_analyzer_shared
      sha256: "4826f97faae3af9761f26c52e56b2aa5ffd18d2c1721d984ad85137721c25f43"
      url: "https://pub.dev"
    source: hosted
    version: "31.0.0"
  analyzer:
    dependency: transitive
    description:
      name: analyzer
      sha256: "7337610c3f9cd13e6b7c6bb0f410644091cf63c9a1436e73352a70f3286abb03"
      url: "https://pub.dev"
    source: hosted
    version: "2.8.0"
  angular:
    dependency: "direct main"
    description:
      name: angular
      sha256: "34c5695c1cbbcdce0c32bcad65a909d7dfc461c7f625cedb05e982df940e5ba7"
      url: "https://pub.dev"
    source: hosted
    version: "7.0.2"
  angular_ast:
    dependency: transitive
    description:
      name: angular_ast
      sha256: "455079cbe380db86c4a16bc584b217df37e00854e4689686319efd29a69e844f"
      url: "https://pub.dev"
    source: hosted
    version: "2.0.1"
  angular_compiler:
    dependency: transitive
    description:
      name: angular_compiler
      sha256: "9c0e2d1ad7700c9f92ea3051dbea5ad3fccd2af8228035bcddde428926b7a8f8"
      url: "https://pub.dev"
    source: hosted
    version: "2.0.2"
  archive:
    dependency: transitive
    description:
      name: archive
      sha256: cb6a278ef2dbb298455e1a713bda08524a175630ec643a242c399c932a0a1f7d
      url: "https://pub.dev"
    source: hosted
    version: "3.6.1"
  args:
    dependency: transitive
    description:
      name: args
      sha256: d0481093c50b1da8910eb0bb301626d4d8eb7284aa739614d2b394ee09e3ea04
      url: "https://pub.dev"
    source: hosted
    version: "2.7.0"
  async:
    dependency: transitive
    description:
      name: async
      sha256: "758e6d74e971c3e5aceb4110bfd6698efc7f501675bcfe0c775459a8140750eb"
      url: "https://pub.dev"
    source: hosted
    version: "2.13.0"
  bazel_worker:
    dependency: transitive
    description:
      name: bazel_worker
      sha256: "57035594b87d9f5af99f1a80e1edf5411dadbdf5acfc4f90403e3849f57dd0f0"
      url: "https://pub.dev"
    source: hosted
    version: "1.1.2"
  boolean_selector:
    dependency: transitive
    description:
      name: boolean_selector
      sha256: "8aab1771e1243a5063b8b0ff68042d67334e3feab9e95b9490f9a6ebf73b42ea"
      url: "https://pub.dev"
    source: hosted
    version: "2.1.2"
  build:
    dependency: transitive
    description:
      name: build
      sha256: "3fbda25365741f8251b39f3917fb3c8e286a96fd068a5a242e11c2012d495777"
      url: "https://pub.dev"
    source: hosted
    version: "2.3.1"
  build_config:
    dependency: transitive
    description:
      name: build_config
      sha256: "4ae2de3e1e67ea270081eaee972e1bd8f027d459f249e0f1186730784c2e7e33"
      url: "https://pub.dev"
    source: hosted
    version: "1.1.2"
  build_daemon:
    dependency: transitive
    description:
      name: build_daemon
      sha256: "757153e5d9cd88253cb13f28c2fb55a537dc31fefd98137549895b5beb7c6169"
      url: "https://pub.dev"
    source: hosted
    version: "3.1.1"
  build_modules:
    dependency: transitive
    description:
      name: build_modules
      sha256: ca9167159cf798e42b1d046acdc9757c01fe8e6f93f5412707a7f7a02c7f391c
      url: "https://pub.dev"
    source: hosted
    version: "4.0.4"
  build_resolvers:
    dependency: transitive
    description:
      name: build_resolvers
      sha256: "4666aef1d045c5ca15ebba63e400bd4e4fbd9f0dd06e791b51ab210da78a27f7"
      url: "https://pub.dev"
    source: hosted
    version: "2.0.6"
  build_runner:
    dependency: "direct dev"
    description:
      name: build_runner
      sha256: "56942f8114731d1e79942cd981cfef29501937ff1bccf4dbdce0273f31f13640"
      url: "https://pub.dev"
    source: hosted
    version: "2.2.0"
  build_runner_core:
    dependency: transitive
    description:
      name: build_runner_core
      sha256: "0671ad4162ed510b70d0eb4ad6354c249f8429cab4ae7a4cec86bbc2886eb76e"
      url: "https://pub.dev"
    source: hosted
    version: "7.2.7+1"
  build_test:
    dependency: transitive
    description:
      name: build_test
      sha256: "2c3d7c70455803a8b904b85001aa87ae21bb2a9d694baeedb019012b0972df0e"
      url: "https://pub.dev"
    source: hosted
    version: "2.2.0"
  build_web_compilers:
    dependency: "direct dev"
    description:
      name: build_web_compilers
      sha256: d08b1cc396ddefe3c6b765855caf1861a9fd4ebdff4a12cdcc53ebf04968a690
      url: "https://pub.dev"
    source: hosted
    version: "3.2.5"
  built_collection:
    dependency: transitive
    description:
      name: built_collection
      sha256: "376e3dd27b51ea877c28d525560790aee2e6fbb5f20e2f85d5081027d94e2100"
      url: "https://pub.dev"
    source: hosted
    version: "5.1.1"
  built_value:
    dependency: transitive
    description:
      name: built_value
      sha256: ea90e81dc4a25a043d9bee692d20ed6d1c4a1662a28c03a96417446c093ed6b4
      url: "https://pub.dev"
    source: hosted
    version: "8.9.5"
  charcode:
    dependency: transitive
    description:
      name: charcode
      sha256: fb0f1107cac15a5ea6ef0a6ef71a807b9e4267c713bb93e00e92d737cc8dbd8a
      url: "https://pub.dev"
    source: hosted
    version: "1.4.0"
  checked_yaml:
    dependency: transitive
    description:
      name: checked_yaml
      sha256: feb6bed21949061731a7a75fc5d2aa727cf160b91af9a3e464c5e3a32e28b5ff
      url: "https://pub.dev"
    source: hosted
    version: "2.0.3"
  cli_util:
    dependency: transitive
    description:
      name: cli_util
      sha256: "66f86e916d285c1a93d3b79587d94bd71984a66aac4ff74e524cfa7877f1395c"
      url: "https://pub.dev"
    source: hosted
    version: "0.3.5"
  clock:
    dependency: transitive
    description:
      name: clock
      sha256: fddb70d9b5277016c77a80201021d40a2247104d9f4aa7bab7157b7e3f05b84b
      url: "https://pub.dev"
    source: hosted
    version: "1.1.2"
  code_builder:
    dependency: transitive
    description:
      name: code_builder
      sha256: "0ec10bf4a89e4c613960bf1e8b42c64127021740fb21640c29c909826a5eea3e"
      url: "https://pub.dev"
    source: hosted
    version: "4.10.1"
  collection:
    dependency: transitive
    description:
      name: collection
      sha256: "2f5709ae4d3d59dd8f7cd309b4e023046b57d8a6c82130785d2b0e5868084e76"
      url: "https://pub.dev"
    source: hosted
    version: "1.19.1"
  convert:
    dependency: transitive
    description:
      name: convert
      sha256: b30acd5944035672bc15c6b7a8b47d773e41e2f17de064350988c5d02adb1c68
      url: "https://pub.dev"
    source: hosted
    version: "3.1.2"
  coverage:
    dependency: transitive
    description:
      name: coverage
      sha256: "17cf9a839208acaed741b1f00ac87cd1fde00548198ba57205cca45c749cb379"
      url: "https://pub.dev"
    source: hosted
    version: "1.3.2"
  crypto:
    dependency: transitive
    description:
      name: crypto
      sha256: "1e445881f28f22d6140f181e07737b22f1e099a5e1ff94b0af2f9e4a463f4855"
      url: "https://pub.dev"
    source: hosted
    version: "3.0.6"
  csslib:
    dependency: transitive
    description:
      name: csslib
      sha256: "831883fb353c8bdc1d71979e5b342c7d88acfbc643113c14ae51e2442ea0f20f"
      url: "https://pub.dev"
    source: hosted
    version: "0.17.3"
  dart_style:
    dependency: transitive
    description:
      name: dart_style
      sha256: "6e8086e1d3c2f6bc15056ee248c4ddc48c2bc71287c0961bf801a08633ed4333"
      url: "https://pub.dev"
    source: hosted
    version: "2.2.1"
  file:
    dependency: transitive
    description:
      name: file
      sha256: a3b4f84adafef897088c160faf7dfffb7696046cb13ae90b508c2cbc95d3b8d4
      url: "https://pub.dev"
    source: hosted
    version: "7.0.1"
  fixnum:
    dependency: transitive
    description:
      name: fixnum
      sha256: b6dc7065e46c974bc7c5f143080a6764ec7a4be6da1285ececdc37be96de53be
      url: "https://pub.dev"
    source: hosted
    version: "1.1.1"
  frontend_server_client:
    dependency: transitive
    description:
      name: frontend_server_client
      sha256: "4f4a162323c86ffc1245765cfe138872b8f069deb42f7dbb36115fa27f31469b"
      url: "https://pub.dev"
    source: hosted
    version: "2.1.3"
  glob:
    dependency: transitive
    description:
      name: glob
      sha256: c3f1ee72c96f8f78935e18aa8cecced9ab132419e8625dc187e1c2408efc20de
      url: "https://pub.dev"
    source: hosted
    version: "2.1.3"
  graphs:
    dependency: transitive
    description:
      name: graphs
      sha256: "741bbf84165310a68ff28fe9e727332eef1407342fca52759cb21ad8177bb8d0"
      url: "https://pub.dev"
    source: hosted
    version: "2.3.2"
  html:
    dependency: transitive
    description:
      name: html
      sha256: "3a7812d5bcd2894edf53dfaf8cd640876cf6cef50a8f238745c8b8120ea74d3a"
      url: "https://pub.dev"
    source: hosted
    version: "0.15.4"
  http_multi_server:
    dependency: transitive
    description:
      name: http_multi_server
      sha256: aa6199f908078bb1c5efb8d8638d4ae191aac11b311132c3ef48ce352fb52ef8
      url: "https://pub.dev"
    source: hosted
    version: "3.2.2"
  http_parser:
    dependency: transitive
    description:
      name: http_parser
      sha256: "178d74305e7866013777bab2c3d8726205dc5a4dd935297175b19a23a2e66571"
      url: "https://pub.dev"
    source: hosted
    version: "4.1.2"
  intl:
    dependency: transitive
    description:
      name: intl
      sha256: "910f85bce16fb5c6f614e117efa303e85a1731bb0081edf3604a2ae6e9a3cc91"
      url: "https://pub.dev"
    source: hosted
    version: "0.17.0"
  io:
    dependency: transitive
    description:
      name: io
      sha256: dfd5a80599cf0165756e3181807ed3e77daf6dd4137caaad72d0b7931597650b
      url: "https://pub.dev"
    source: hosted
    version: "1.0.5"
  js:
    dependency: transitive
    description:
      name: js
      sha256: f2c445dce49627136094980615a031419f7f3eb393237e4ecd97ac15dea343f3
      url: "https://pub.dev"
    source: hosted
    version: "0.6.7"
  json_annotation:
    dependency: transitive
    description:
      name: json_annotation
      sha256: "1ce844379ca14835a50d2f019a3099f419082cfdd231cd86a142af94dd5c6bb1"
      url: "https://pub.dev"
    source: hosted
    version: "4.9.0"
  logging:
    dependency: transitive
    description:
      name: logging
      sha256: c8245ada5f1717ed44271ed1c26b8ce85ca3228fd2ffdb75468ab01979309d61
      url: "https://pub.dev"
    source: hosted
    version: "1.3.0"
  matcher:
    dependency: "direct dev"
    description:
      name: matcher
      sha256: "2e2c34e631f93410daa3ee3410250eadc77ac6befc02a040eda8a123f34e6f5a"
      url: "https://pub.dev"
    source: hosted
    version: "0.12.11"
  meta:
    dependency: transitive
    description:
      name: meta
      sha256: e3641ec5d63ebf0d9b41bd43201a66e3fc79a65db5f61fc181f04cd27aab950c
      url: "https://pub.dev"
    source: hosted
    version: "1.16.0"
  mime:
    dependency: transitive
    description:
      name: mime
      sha256: "801fd0b26f14a4a58ccb09d5892c3fbdeff209594300a542492cf13fba9d247a"
      url: "https://pub.dev"
    source: hosted
    version: "1.0.6"
  node_preamble:
    dependency: transitive
    description:
      name: node_preamble
      sha256: "6e7eac89047ab8a8d26cf16127b5ed26de65209847630400f9aefd7cd5c730db"
      url: "https://pub.dev"
    source: hosted
    version: "2.0.2"
  package_config:
    dependency: transitive
    description:
      name: package_config
      sha256: f096c55ebb7deb7e384101542bfba8c52696c1b56fca2eb62827989ef2353bbc
      url: "https://pub.dev"
    source: hosted
    version: "2.2.0"
  path:
    dependency: transitive
    description:
      name: path
      sha256: "75cca69d1490965be98c73ceaea117e8a04dd21217b37b292c9ddbec0d955bc5"
      url: "https://pub.dev"
    source: hosted
    version: "1.9.1"
  pedantic:
    dependency: transitive
    description:
      name: pedantic
      sha256: "67fc27ed9639506c856c840ccce7594d0bdcd91bc8d53d6e52359449a1d50602"
      url: "https://pub.dev"
    source: hosted
    version: "1.11.1"
  pool:
    dependency: transitive
    description:
      name: pool
      sha256: "20fe868b6314b322ea036ba325e6fc0711a22948856475e2c2b6306e8ab39c2a"
      url: "https://pub.dev"
    source: hosted
    version: "1.5.1"
  protobuf:
    dependency: transitive
    description:
      name: protobuf
      sha256: "68645b24e0716782e58948f8467fd42a880f255096a821f9e7d0ec625b00c84d"
      url: "https://pub.dev"
    source: hosted
    version: "3.1.0"
  pub_semver:
    dependency: transitive
    description:
      name: pub_semver
      sha256: "5bfcf68ca79ef689f8990d1160781b4bad40a3bd5e5218ad4076ddb7f4081585"
      url: "https://pub.dev"
    source: hosted
    version: "2.2.0"
  pubspec_parse:
    dependency: transitive
    description:
      name: pubspec_parse
      sha256: "0560ba233314abbed0a48a2956f7f022cce7c3e1e73df540277da7544cad4082"
      url: "https://pub.dev"
    source: hosted
    version: "1.5.0"
  quiver:
    dependency: transitive
    description:
      name: quiver
      sha256: ea0b925899e64ecdfbf9c7becb60d5b50e706ade44a85b2363be2a22d88117d2
      url: "https://pub.dev"
    source: hosted
    version: "3.2.2"
  scratch_space:
    dependency: transitive
    description:
      name: scratch_space
      sha256: "8510fbff458d733a58fc427057d1ac86303b376d609d6e1bc43f240aad9aa445"
      url: "https://pub.dev"
    source: hosted
    version: "1.0.2"
  shelf:
    dependency: transitive
    description:
      name: shelf
      sha256: e7dd780a7ffb623c57850b33f43309312fc863fb6aa3d276a754bb299839ef12
      url: "https://pub.dev"
    source: hosted
    version: "1.4.2"
  shelf_packages_handler:
    dependency: transitive
    description:
      name: shelf_packages_handler
      sha256: "89f967eca29607c933ba9571d838be31d67f53f6e4ee15147d5dc2934fee1b1e"
      url: "https://pub.dev"
    source: hosted
    version: "3.0.2"
  shelf_static:
    dependency: transitive
    description:
      name: shelf_static
      sha256: c87c3875f91262785dade62d135760c2c69cb217ac759485334c5857ad89f6e3
      url: "https://pub.dev"
    source: hosted
    version: "1.1.3"
  shelf_web_socket:
    dependency: transitive
    description:
      name: shelf_web_socket
      sha256: "9ca081be41c60190ebcb4766b2486a7d50261db7bd0f5d9615f2d653637a84c1"
      url: "https://pub.dev"
    source: hosted
    version: "1.0.4"
  source_gen:
    dependency: transitive
    description:
      name: source_gen
      sha256: "00f8b6b586f724a8c769c96f1d517511a41661c0aede644544d8d86a1ab11142"
      url: "https://pub.dev"
    source: hosted
    version: "1.2.2"
  source_map_stack_trace:
    dependency: transitive
    description:
      name: source_map_stack_trace
      sha256: c0713a43e323c3302c2abe2a1cc89aa057a387101ebd280371d6a6c9fa68516b
      url: "https://pub.dev"
    source: hosted
    version: "2.1.2"
  source_maps:
    dependency: transitive
    description:
      name: source_maps
      sha256: "190222579a448b03896e0ca6eca5998fa810fda630c1d65e2f78b3f638f54812"
      url: "https://pub.dev"
    source: hosted
    version: "0.10.13"
  source_span:
    dependency: transitive
    description:
      name: source_span
      sha256: "254ee5351d6cb365c859e20ee823c3bb479bf4a293c22d17a9f1bf144ce86f7c"
      url: "https://pub.dev"
    source: hosted
    version: "1.10.1"
  stack_trace:
    dependency: transitive
    description:
      name: stack_trace
      sha256: "8b27215b45d22309b5cddda1aa2b19bdfec9df0e765f2de506401c071d38d1b1"
      url: "https://pub.dev"
    source: hosted
    version: "1.12.1"
  stream_channel:
    dependency: transitive
    description:
      name: stream_channel
      sha256: "969e04c80b8bcdf826f8f16579c7b14d780458bd97f56d107d3950fdbeef059d"
      url: "https://pub.dev"
    source: hosted
    version: "2.1.4"
  stream_transform:
    dependency: transitive
    description:
      name: stream_transform
      sha256: ad47125e588cfd37a9a7f86c7d6356dde8dfe89d071d293f80ca9e9273a33871
      url: "https://pub.dev"
    source: hosted
    version: "2.1.1"
  string_scanner:
    dependency: transitive
    description:
      name: string_scanner
      sha256: "921cd31725b72fe181906c6a94d987c78e3b98c2e205b397ea399d4054872b43"
      url: "https://pub.dev"
    source: hosted
    version: "1.4.1"
  term_glyph:
    dependency: transitive
    description:
      name: term_glyph
      sha256: "7f554798625ea768a7518313e58f83891c7f5024f88e46e7182a4558850a4b8e"
      url: "https://pub.dev"
    source: hosted
    version: "1.2.2"
  test:
    dependency: transitive
    description:
      name: test
      sha256: "5f59ad7ae322905b1299ef250744e1e266320aa90a0a76e51f00b6e06e49ac51"
      url: "https://pub.dev"
    source: hosted
    version: "1.20.2"
  test_api:
    dependency: transitive
    description:
      name: test_api
      sha256: d8ca35bbbeef2d037e5693a3c8a381505afebfbfee7bc33fff5581bc4e16a939
      url: "https://pub.dev"
    source: hosted
    version: "0.4.9"
  test_core:
    dependency: transitive
    description:
      name: test_core
      sha256: cc8bc45cbe52e8133293537ac4cffc4d9b35c93e91481eb64ef2304e2e722949
      url: "https://pub.dev"
    source: hosted
    version: "0.4.11"
  timing:
    dependency: transitive
    description:
      name: timing
      sha256: "62ee18aca144e4a9f29d212f5a4c6a053be252b895ab14b5821996cff4ed90fe"
      url: "https://pub.dev"
    source: hosted
    version: "1.0.2"
  typed_data:
    dependency: transitive
    description:
      name: typed_data
      sha256: f9049c039ebfeb4cf7a7104a675823cd72dba8297f264b6637062516699fa006
      url: "https://pub.dev"
    source: hosted
    version: "1.4.0"
  vm_service:
    dependency: transitive
    description:
      name: vm_service
      sha256: e686ae49284939abc06972e25f634ccdb5007d5664c4dfa1995002e8b6aa27a9
      url: "https://pub.dev"
    source: hosted
    version: "8.3.0"
  watcher:
    dependency: transitive
    description:
      name: watcher
      sha256: "69da27e49efa56a15f8afe8f4438c4ec02eff0a117df1b22ea4aad194fe1c104"
      url: "https://pub.dev"
    source: hosted
    version: "1.1.1"
  web:
    dependency: transitive
    description:
      name: web
      sha256: "97da13628db363c635202ad97068d47c5b8aa555808e7a9411963c533b449b27"
      url: "https://pub.dev"
    source: hosted
    version: "0.5.1"
  web_socket_channel:
    dependency: transitive
    description:
      name: web_socket_channel
      sha256: "58c6666b342a38816b2e7e50ed0f1e261959630becd4c879c4f26bfa14aa5a42"
      url: "https://pub.dev"
    source: hosted
    version: "2.4.5"
  webkit_inspection_protocol:
    dependency: transitive
    description:
      name: webkit_inspection_protocol
      sha256: "87d3f2333bb240704cd3f1c6b5b7acd8a10e7f0bc28c28dcf14e782014f4a572"
      url: "https://pub.dev"
    source: hosted
    version: "1.2.1"
  yaml:
    dependency: transitive
    description:
      name: yaml
      sha256: b9da305ac7c39faa3f030eccd175340f968459dae4af175130b3fc47e40d76ce
      url: "https://pub.dev"
    source: hosted
    version: "3.1.3"
sdks:
  dart: ">=3.6.0 <4.0.0"
